
Microsoft Visual Studio Solution File, Format Version 12.00
# Visual Studio Version 16
VisualStudioVersion = 16.0.32428.217
MinimumVisualStudioVersion = 10.0.40219.1
Project("{FAE04EC0-301F-11D3-BF4B-00C04F79EFBC}") = "DisneyAPI", "DisneyAPI\DisneyAPI.csproj", "{B4A4C740-EE3A-4808-B25C-DE8DC39810F6}"
EndProject
Global
	GlobalSection(SolutionConfigurationPlatforms) = preSolution
		Debug|Any CPU = Debug|Any CPU
		Release|Any CPU = Release|Any CPU
	EndGlobalSection
	GlobalSection(ProjectConfigurationPlatforms) = postSolution
		{B4A4C740-EE3A-4808-B25C-DE8DC39810F6}.Debug|Any CPU.ActiveCfg = Debug|Any CPU
		{B4A4C740-EE3A-4808-B25C-DE8DC39810F6}.Debug|Any CPU.Build.0 = Debug|Any CPU
		{B4A4C740-EE3A-4808-B25C-DE8DC39810F6}.Release|Any CPU.ActiveCfg = Release|Any CPU
		{B4A4C740-EE3A-4808-B25C-DE8DC39810F6}.Release|Any CPU.Build.0 = Release|Any CPU
	EndGlobalSection
	GlobalSection(SolutionProperties) = preSolution
		HideSolutionNode = FALSE
	EndGlobalSection
	GlobalSection(ExtensibilityGlobals) = postSolution
		SolutionGuid = {14AF8C24-F8BE-4C07-A1AA-58E977E2FA28}
	EndGlobalSection
EndGlobal
